
Microsoft Visual Studio Solution File, Format Version 12.00
# Visual Studio Version 17
VisualStudioVersion = 17.3.32811.315
MinimumVisualStudioVersion = 10.0.40219.1
Project("{FAE04EC0-301F-11D3-BF4B-00C04F79EFBC}") = "Linq", "Linq.csproj", "{7EDAF64D-C860-457A-BE31-1C6DE728BE91}"
EndProject
Project("{FAE04EC0-301F-11D3-BF4B-00C04F79EFBC}") = "ontap", "..\ontap\ontap.csproj", "{3E37EA22-BDD6-41DF-A6DA-D5C8DB3F52B3}"
EndProject
Global
	GlobalSection(SolutionConfigurationPlatforms) = preSolution
		Debug|Any CPU = Debug|Any CPU
		Release|Any CPU = Release|Any CPU
	EndGlobalSection
	GlobalSection(ProjectConfigurationPlatforms) = postSolution
		{7EDAF64D-C860-457A-BE31-1C6DE728BE91}.Debug|Any CPU.ActiveCfg = Debug|Any CPU
		{7EDAF64D-C860-457A-BE31-1C6DE728BE91}.Debug|Any CPU.Build.0 = Debug|Any CPU
		{7EDAF64D-C860-457A-BE31-1C6DE728BE91}.Release|Any CPU.ActiveCfg = Release|Any CPU
		{7EDAF64D-C860-457A-BE31-1C6DE728BE91}.Release|Any CPU.Build.0 = Release|Any CPU
		{3E37EA22-BDD6-41DF-A6DA-D5C8DB3F52B3}.Debug|Any CPU.ActiveCfg = Debug|Any CPU
		{3E37EA22-BDD6-41DF-A6DA-D5C8DB3F52B3}.Debug|Any CPU.Build.0 = Debug|Any CPU
		{3E37EA22-BDD6-41DF-A6DA-D5C8DB3F52B3}.Release|Any CPU.ActiveCfg = Release|Any CPU
		{3E37EA22-BDD6-41DF-A6DA-D5C8DB3F52B3}.Release|Any CPU.Build.0 = Release|Any CPU
	EndGlobalSection
	GlobalSection(SolutionProperties) = preSolution
		HideSolutionNode = FALSE
	EndGlobalSection
	GlobalSection(ExtensibilityGlobals) = postSolution
		SolutionGuid = {293BC861-0CB5-4C17-92F6-BBED2A70979A}
	EndGlobalSection
EndGlobal
